
Microsoft Visual Studio Solution File, Format Version 12.00
# Visual Studio Version 16
VisualStudioVersion = 16.0.31424.327
MinimumVisualStudioVersion = 10.0.40219.1
Project("{888888A0-9F3D-457C-B088-3A5042F75D52}") = "PixelCollider", "PixelCollider.pyproj", "{FF07EA85-CE45-446C-A874-AB0CC6AFEE07}"
EndProject
Global
	GlobalSection(SolutionConfigurationPlatforms) = preSolution
		Debug|Any CPU = Debug|Any CPU
		Release|Any CPU = Release|Any CPU
	EndGlobalSection
	GlobalSection(ProjectConfigurationPlatforms) = postSolution
		{FF07EA85-CE45-446C-A874-AB0CC6AFEE07}.Debug|Any CPU.ActiveCfg = Debug|Any CPU
		{FF07EA85-CE45-446C-A874-AB0CC6AFEE07}.Release|Any CPU.ActiveCfg = Release|Any CPU
	EndGlobalSection
	GlobalSection(SolutionProperties) = preSolution
		HideSolutionNode = FALSE
	EndGlobalSection
	GlobalSection(ExtensibilityGlobals) = postSolution
		SolutionGuid = {FE9449D3-FC77-49A8-A059-6C4D682D3C84}
	EndGlobalSection
EndGlobal
